<?xml version="1.0" encoding="utf-8"?>
<Project ToolsVersion="4.0" xmlns="http://schemas.microsoft.com/developer/msbuild/2003">
  <ItemGroup>
    <Filter Include="소스 파일">
      <UniqueIdentifier>{4FC737F1-C7A5-4376-A066-2A32D752A2FF}</UniqueIdentifier>
      <Extensions>cpp;c;cc;cxx;def;odl;idl;hpj;bat;asm;asmx</Extensions>
    </Filter>
    <Filter Include="헤더 파일">
      <UniqueIdentifier>{93995380-89BD-4b04-88EB-625FBE52EBFB}</UniqueIdentifier>
      <Extensions>h;hh;hpp;hxx;hm;inl;inc;xsd</Extensions>
    </Filter>
    <Filter Include="리소스 파일">
      <UniqueIdentifier>{67DA6AB6-F800-4c08-8B7A-83BB121AAD01}</UniqueIdentifier>
      <Extensions>rc;ico;cur;bmp;dlg;rc2;rct;bin;rgs;gif;jpg;jpeg;jpe;resx;tiff;tif;png;wav;mfcribbon-ms</Extensions>
    </Filter>
  </ItemGroup>
  <ItemGroup>
    <ClCompile Include="main.cpp">
      <Filter>소스 파일</Filter>
    </ClCompile>
    <ClCompile Include="inho.cpp">
      <Filter>소스 파일</Filter>
    </ClCompile>
    <ClCompile Include="seop.cpp">
      <Filter>소스 파일</Filter>
    </ClCompile>
  </ItemGroup>
  <ItemGroup>
    <ClInclude Include="main.h">
      <Filter>헤더 파일</Filter>
    </ClInclude>
    <ClInclude Include="resource.h">
      <Filter>헤더 파일</Filter>
    </ClInclude>
  </ItemGroup>
  <ItemGroup>
    <ResourceCompile Include="Resource.rc">
      <Filter>리소스 파일</Filter>
    </ResourceCompile>
  </ItemGroup>
  <ItemGroup>
    <Image Include="..\resourece\adviceMenu.bmp">
      <Filter>리소스 파일</Filter>
    </Image>
    <Image Include="..\resourece\character.bmp">
      <Filter>리소스 파일</Filter>
    </Image>
    <Image Include="..\resourece\character1_seop.bmp">
      <Filter>리소스 파일</Filter>
    </Image>
    <Image Include="..\resourece\character2_seop.bmp">
      <Filter>리소스 파일</Filter>
    </Image>
    <Image Include="..\resourece\character3_inho.bmp">
      <Filter>리소스 파일</Filter>
    </Image>
    <Image Include="..\resourece\character4_inho.bmp">
      <Filter>리소스 파일</Filter>
    </Image>
    <Image Include="..\resourece\check.bmp">
      <Filter>리소스 파일</Filter>
    </Image>
    <Image Include="..\resourece\EndGame.bmp">
      <Filter>리소스 파일</Filter>
    </Image>
    <Image Include="..\resourece\reverse.bmp">
      <Filter>리소스 파일</Filter>
    </Image>
    <Image Include="..\resourece\stageMenu.bmp">
      <Filter>리소스 파일</Filter>
    </Image>
    <Image Include="..\resourece\startMenu.bmp">
      <Filter>리소스 파일</Filter>
    </Image>
    <Image Include="..\resourece\storeBuyButton.bmp">
      <Filter>리소스 파일</Filter>
    </Image>
    <Image Include="..\resourece\storeMenu.bmp">
      <Filter>리소스 파일</Filter>
    </Image>
    <Image Include="..\resourece\tile.bmp">
      <Filter>리소스 파일</Filter>
    </Image>
    <Image Include="..\resourece\tile_arrow_down.bmp">
      <Filter>리소스 파일</Filter>
    </Image>
    <Image Include="..\resourece\tile_arrow_left.bmp">
      <Filter>리소스 파일</Filter>
    </Image>
    <Image Include="..\resourece\tile_arrow_right.bmp">
      <Filter>리소스 파일</Filter>
    </Image>
    <Image Include="..\resourece\tile_arrow_up.bmp">
      <Filter>리소스 파일</Filter>
    </Image>
    <Image Include="..\resourece\tile_blackhole.bmp">
      <Filter>리소스 파일</Filter>
    </Image>
    <Image Include="..\resourece\tile_block.bmp">
      <Filter>리소스 파일</Filter>
    </Image>
    <Image Include="..\resourece\tile_default.bmp">
      <Filter>리소스 파일</Filter>
    </Image>
    <Image Include="..\resourece\tile_inho1.bmp">
      <Filter>리소스 파일</Filter>
    </Image>
    <Image Include="..\resourece\tile_inho2.bmp">
      <Filter>리소스 파일</Filter>
    </Image>
    <Image Include="..\resourece\tile_seop1.bmp">
      <Filter>리소스 파일</Filter>
    </Image>
    <Image Include="..\resourece\tile_seop2.bmp">
      <Filter>리소스 파일</Filter>
    </Image>
    <Image Include="..\resourece\upMenu.BMP">
      <Filter>리소스 파일</Filter>
    </Image>
    <Image Include="bitmap10.bmp">
      <Filter>리소스 파일</Filter>
    </Image>
  </ItemGroup>
</Project>